
Microsoft Visual Studio Solution File, Format Version 12.00
# Visual Studio Version 17
VisualStudioVersion = 17.2.32616.157
MinimumVisualStudioVersion = 10.0.40219.1
Project("{FAE04EC0-301F-11D3-BF4B-00C04F79EFBC}") = "Task storage", "Task storage\Task storage.csproj", "{97A43D6E-B33A-48A1-B605-48E717D3F7AA}"
EndProject
Global
	GlobalSection(SolutionConfigurationPlatforms) = preSolution
		Debug|Any CPU = Debug|Any CPU
		Release|Any CPU = Release|Any CPU
	EndGlobalSection
	GlobalSection(ProjectConfigurationPlatforms) = postSolution
		{97A43D6E-B33A-48A1-B605-48E717D3F7AA}.Debug|Any CPU.ActiveCfg = Debug|Any CPU
		{97A43D6E-B33A-48A1-B605-48E717D3F7AA}.Debug|Any CPU.Build.0 = Debug|Any CPU
		{97A43D6E-B33A-48A1-B605-48E717D3F7AA}.Release|Any CPU.ActiveCfg = Release|Any CPU
		{97A43D6E-B33A-48A1-B605-48E717D3F7AA}.Release|Any CPU.Build.0 = Release|Any CPU
	EndGlobalSection
	GlobalSection(SolutionProperties) = preSolution
		HideSolutionNode = FALSE
	EndGlobalSection
	GlobalSection(ExtensibilityGlobals) = postSolution
		SolutionGuid = {650F32F8-57D9-40C1-96C1-62BA6EC261AD}
	EndGlobalSection
EndGlobal
